
Microsoft Visual Studio Solution File, Format Version 12.00
# Visual Studio 15
VisualStudioVersion = 15.0.28307.902
MinimumVisualStudioVersion = 10.0.40219.1
Project("{FAE04EC0-301F-11D3-BF4B-00C04F79EFBC}") = "Pattern2", "Pattern2\Pattern2.csproj", "{80EF969B-BBED-41AE-904F-04A4E10C30B4}"
EndProject
Project("{FAE04EC0-301F-11D3-BF4B-00C04F79EFBC}") = "LibraryTask", "LibraryTask\LibraryTask.csproj", "{5F7E46C2-68EC-4C97-AB44-48D9A306A668}"
EndProject
Global
	GlobalSection(SolutionConfigurationPlatforms) = preSolution
		Debug|Any CPU = Debug|Any CPU
		Release|Any CPU = Release|Any CPU
	EndGlobalSection
	GlobalSection(ProjectConfigurationPlatforms) = postSolution
		{80EF969B-BBED-41AE-904F-04A4E10C30B4}.Debug|Any CPU.ActiveCfg = Debug|Any CPU
		{80EF969B-BBED-41AE-904F-04A4E10C30B4}.Debug|Any CPU.Build.0 = Debug|Any CPU
		{80EF969B-BBED-41AE-904F-04A4E10C30B4}.Release|Any CPU.ActiveCfg = Release|Any CPU
		{80EF969B-BBED-41AE-904F-04A4E10C30B4}.Release|Any CPU.Build.0 = Release|Any CPU
		{5F7E46C2-68EC-4C97-AB44-48D9A306A668}.Debug|Any CPU.ActiveCfg = Debug|Any CPU
		{5F7E46C2-68EC-4C97-AB44-48D9A306A668}.Debug|Any CPU.Build.0 = Debug|Any CPU
		{5F7E46C2-68EC-4C97-AB44-48D9A306A668}.Release|Any CPU.ActiveCfg = Release|Any CPU
		{5F7E46C2-68EC-4C97-AB44-48D9A306A668}.Release|Any CPU.Build.0 = Release|Any CPU
	EndGlobalSection
	GlobalSection(SolutionProperties) = preSolution
		HideSolutionNode = FALSE
	EndGlobalSection
	GlobalSection(ExtensibilityGlobals) = postSolution
		SolutionGuid = {D84B4C2D-89CD-42F7-BC55-907488F68576}
	EndGlobalSection
EndGlobal
